
Microsoft Visual Studio Solution File, Format Version 12.00
# Visual Studio Version 17
VisualStudioVersion = 17.14.37111.16 d17.14
MinimumVisualStudioVersion = 10.0.40219.1
Project("{FAE04EC0-301F-11D3-BF4B-00C04F79EFBC}") = "APIS_WEB_MORE", "APIS_WEB_MORE.csproj", "{B4C2D118-D86B-4259-826B-F405749F1AE4}"
EndProject
Global
	GlobalSection(SolutionConfigurationPlatforms) = preSolution
		Debug|Any CPU = Debug|Any CPU
		Release|Any CPU = Release|Any CPU
	EndGlobalSection
	GlobalSection(ProjectConfigurationPlatforms) = postSolution
		{B4C2D118-D86B-4259-826B-F405749F1AE4}.Debug|Any CPU.ActiveCfg = Debug|Any CPU
		{B4C2D118-D86B-4259-826B-F405749F1AE4}.Debug|Any CPU.Build.0 = Debug|Any CPU
		{B4C2D118-D86B-4259-826B-F405749F1AE4}.Release|Any CPU.ActiveCfg = Release|Any CPU
		{B4C2D118-D86B-4259-826B-F405749F1AE4}.Release|Any CPU.Build.0 = Release|Any CPU
	EndGlobalSection
	GlobalSection(SolutionProperties) = preSolution
		HideSolutionNode = FALSE
	EndGlobalSection
	GlobalSection(ExtensibilityGlobals) = postSolution
		SolutionGuid = {7FCB2946-F3B8-4477-A100-B28DF3C3482B}
	EndGlobalSection
EndGlobal
